
Microsoft Visual Studio Solution File, Format Version 12.00
# Visual Studio Version 17
VisualStudioVersion = 17.2.32414.248
MinimumVisualStudioVersion = 10.0.40219.1
Project("{00D1A9C2-B5F0-4AF3-8072-F6C62B433612}") = "DBProject", "DBProject\DBProject.sqlproj", "{D09D01BA-5085-490C-9248-4FD595E9C01D}"
EndProject
Global
	GlobalSection(SolutionConfigurationPlatforms) = preSolution
		Debug|Any CPU = Debug|Any CPU
		Release|Any CPU = Release|Any CPU
	EndGlobalSection
	GlobalSection(ProjectConfigurationPlatforms) = postSolution
		{D09D01BA-5085-490C-9248-4FD595E9C01D}.Debug|Any CPU.ActiveCfg = Debug|Any CPU
		{D09D01BA-5085-490C-9248-4FD595E9C01D}.Debug|Any CPU.Build.0 = Debug|Any CPU
		{D09D01BA-5085-490C-9248-4FD595E9C01D}.Debug|Any CPU.Deploy.0 = Debug|Any CPU
		{D09D01BA-5085-490C-9248-4FD595E9C01D}.Release|Any CPU.ActiveCfg = Release|Any CPU
		{D09D01BA-5085-490C-9248-4FD595E9C01D}.Release|Any CPU.Build.0 = Release|Any CPU
		{D09D01BA-5085-490C-9248-4FD595E9C01D}.Release|Any CPU.Deploy.0 = Release|Any CPU
	EndGlobalSection
	GlobalSection(SolutionProperties) = preSolution
		HideSolutionNode = FALSE
	EndGlobalSection
	GlobalSection(ExtensibilityGlobals) = postSolution
		SolutionGuid = {4A2E92C5-9436-4113-A15D-293D4C3705A0}
	EndGlobalSection
EndGlobal
